
Microsoft Visual Studio Solution File, Format Version 12.00
# Visual Studio 15
VisualStudioVersion = 15.0.28307.852
MinimumVisualStudioVersion = 10.0.40219.1
Project("{FAE04EC0-301F-11D3-BF4B-00C04F79EFBC}") = "CustomLaunchy", "CustomLaunchy\CustomLaunchy.csproj", "{96BF033F-95FF-4946-8D98-53FD166F2998}"
EndProject
Global
	GlobalSection(SolutionConfigurationPlatforms) = preSolution
		Debug|Any CPU = Debug|Any CPU
		Release|Any CPU = Release|Any CPU
	EndGlobalSection
	GlobalSection(ProjectConfigurationPlatforms) = postSolution
		{96BF033F-95FF-4946-8D98-53FD166F2998}.Debug|Any CPU.ActiveCfg = Debug|Any CPU
		{96BF033F-95FF-4946-8D98-53FD166F2998}.Debug|Any CPU.Build.0 = Debug|Any CPU
		{96BF033F-95FF-4946-8D98-53FD166F2998}.Release|Any CPU.ActiveCfg = Release|Any CPU
		{96BF033F-95FF-4946-8D98-53FD166F2998}.Release|Any CPU.Build.0 = Release|Any CPU
	EndGlobalSection
	GlobalSection(SolutionProperties) = preSolution
		HideSolutionNode = FALSE
	EndGlobalSection
	GlobalSection(ExtensibilityGlobals) = postSolution
		SolutionGuid = {86471535-D8B1-43C2-A405-E99754C19C87}
	EndGlobalSection
EndGlobal
